version: 7
platforms:
- name: linux-64
  virtual-packages:
  - __unix=0=0
  - __linux=4.18
  - __glibc=2.28
  - __archspec=0=x86_64
environments:
  default:
    channels:
    - url: https://conda.anaconda.org/conda-forge/
    packages:
      linux-64:
      - conda: https://conda.anaconda.org/conda-forge/linux-64/_openmp_mutex-4.5-20_gnu.conda
      - conda: https://conda.anaconda.org/conda-forge/linux-64/backports.zstd-1.7.0-py313h8f72f4d_1.conda
      - conda: https://conda.anaconda.org/conda-forge/linux-64/bcrypt-5.0.0-py313ha296275_2.conda
      - conda: https://conda.anaconda.org/conda-forge/linux-64/brotli-python-1.2.0-py313h2fc2bef_4.conda
      - conda: https://conda.anaconda.org/conda-forge/linux-64/bzip2-1.0.8-hda65f42_10.conda
      - conda: https://conda.anaconda.org/conda-forge/linux-64/capstone-5.0.9-py313h995f894_2.conda
      - conda: https://conda.anaconda.org/conda-forge/linux-64/cffi-2.1.1-py313ha52865f_3.conda
      - conda: https://conda.anaconda.org/conda-forge/linux-64/cryptography-50.0.1-py311hc91d8b8_1.conda
      - conda: https://conda.anaconda.org/conda-forge/linux-64/icu-78.3-py310h44b86e0_2.conda
      - conda: https://conda.anaconda.org/conda-forge/linux-64/ld_impl_linux-64-2.46.1-default_hbd61a6d_102.conda
      - conda: https://conda.anaconda.org/conda-forge/linux-64/libcapstone-5.0.9-h7cc23a3_2.conda
      - conda: https://conda.anaconda.org/conda-forge/linux-64/libexpat-2.8.1-hecca717_1.conda
      - conda: https://conda.anaconda.org/conda-forge/linux-64/libffi-3.7.0-h81df57d_1.conda
      - conda: https://conda.anaconda.org/conda-forge/linux-64/libgcc-16.2.0-ha9f2e26_5.conda
      - conda: https://conda.anaconda.org/conda-forge/linux-64/libgomp-16.2.0-he0feb66_5.conda
      - conda: https://conda.anaconda.org/conda-forge/linux-64/liblzma-5.8.3-hb03c661_1.conda
      - conda: https://conda.anaconda.org/conda-forge/linux-64/libmpdec-4.0.0-hb03c661_2.conda
      - conda: https://conda.anaconda.org/conda-forge/linux-64/libpython-3.13.15-hdc7f604_103_cp313.conda
      - conda: https://conda.anaconda.org/conda-forge/linux-64/libsodium-1.0.22-hebe6cf0_3.conda
      - conda: https://conda.anaconda.org/conda-forge/linux-64/libsqlite-3.53.4-h13e7031_1.conda
      - conda: https://conda.anaconda.org/conda-forge/linux-64/libstdcxx-16.2.0-h934c35e_5.conda
      - conda: https://conda.anaconda.org/conda-forge/linux-64/libuuid-2.42.3-hcfc3c73_0.conda
      - conda: https://conda.anaconda.org/conda-forge/linux-64/libzlib-1.3.2-h25fd6f3_3.conda
      - conda: https://conda.anaconda.org/conda-forge/linux-64/markupsafe-3.0.3-py313h3dea7bd_1.conda
      - conda: https://conda.anaconda.org/conda-forge/linux-64/ncurses-6.6-hdb14827_1.conda
      - conda: https://conda.anaconda.org/conda-forge/linux-64/openssl-3.6.4-h781a0a9_0.conda
      - conda: https://conda.anaconda.org/conda-forge/linux-64/psutil-7.2.2-py313hd42f317_3.conda
      - conda: https://conda.anaconda.org/conda-forge/linux-64/pynacl-1.6.2-py311h2d59bce_5.conda
      - conda: https://conda.anaconda.org/conda-forge/linux-64/python-3.13.15-hf47f18c_103_cp313.conda
      - conda: https://conda.anaconda.org/conda-forge/linux-64/python-unicorn-2.1.4-py313h78bf25f_1.conda
      - conda: https://conda.anaconda.org/conda-forge/linux-64/readline-8.3-hd6e31c0_1.conda
      - conda: https://conda.anaconda.org/conda-forge/linux-64/tk-8.6.13-noxft_h1df4ec4_4.conda
      - conda: https://conda.anaconda.org/conda-forge/linux-64/unicorn-2.1.4-h7cc23a3_1.conda
      - conda: https://conda.anaconda.org/conda-forge/linux-64/zstandard-0.25.0-py313hd42f317_4.conda
      - conda: https://conda.anaconda.org/conda-forge/linux-64/zstd-1.5.7-hb78ec9c_7.conda
      - conda: https://conda.anaconda.org/conda-forge/noarch/_python_abi3_support-1.0-hd8ed1ab_3.conda
      - conda: https://conda.anaconda.org/conda-forge/noarch/asttokens-3.0.2-pyhd8ed1ab_0.conda
      - conda: https://conda.anaconda.org/conda-forge/noarch/ca-certificates-2026.7.22-hbd8a1cb_0.conda
      - conda: https://conda.anaconda.org/conda-forge/noarch/certifi-2026.7.22-pyhd8ed1ab_0.conda
      - conda: https://conda.anaconda.org/conda-forge/noarch/charset-normalizer-3.5.1-pyhd8ed1ab_0.conda
      - conda: https://conda.anaconda.org/conda-forge/noarch/colored-traceback-0.3.0-pyhd8ed1ab_1.conda
      - conda: https://conda.anaconda.org/conda-forge/noarch/cpython-3.13.15-py313hd8ed1ab_103.conda
      - conda: https://conda.anaconda.org/conda-forge/noarch/executing-2.2.1-pyhd8ed1ab_0.conda
      - conda: https://conda.anaconda.org/conda-forge/noarch/h2-4.4.1-pyhcf101f3_0.conda
      - conda: https://conda.anaconda.org/conda-forge/noarch/hpack-4.2.0-pyhd8ed1ab_0.conda
      - conda: https://conda.anaconda.org/conda-forge/noarch/hyperframe-6.1.0-pyhd8ed1ab_0.conda
      - conda: https://conda.anaconda.org/conda-forge/noarch/idna-3.19-pyhcf101f3_0.conda
      - conda: https://conda.anaconda.org/conda-forge/noarch/importlib-metadata-9.0.1-pyhcf101f3_0.conda
      - conda: https://conda.anaconda.org/conda-forge/noarch/importlib_resources-7.1.0-pyhd8ed1ab_0.conda
      - conda: https://conda.anaconda.org/conda-forge/noarch/intervaltree-3.1.0-pyhd8ed1ab_1.conda
      - conda: https://conda.anaconda.org/conda-forge/noarch/invoke-3.0.3-pyhd8ed1ab_0.conda
      - conda: https://conda.anaconda.org/conda-forge/noarch/ipython-9.17.1-pyh53cf698_0.conda
      - conda: https://conda.anaconda.org/conda-forge/noarch/ipython_pygments_lexers-1.1.1-pyhd8ed1ab_0.conda
      - conda: https://conda.anaconda.org/conda-forge/noarch/jedi-0.20.0-pyhcf101f3_0.conda
      - conda: https://conda.anaconda.org/conda-forge/noarch/mako-1.4.1-pyhcf101f3_0.conda
      - conda: https://conda.anaconda.org/conda-forge/noarch/matplotlib-inline-0.2.2-pyhd8ed1ab_0.conda
      - conda: https://conda.anaconda.org/conda-forge/noarch/packaging-26.3-pyhc364b38_0.conda
      - conda: https://conda.anaconda.org/conda-forge/noarch/paramiko-5.0.0-pyhd8ed1ab_0.conda
      - conda: https://conda.anaconda.org/conda-forge/noarch/parso-0.8.7-pyhcf101f3_0.conda
      - conda: https://conda.anaconda.org/conda-forge/noarch/pexpect-4.9.0-pyhd8ed1ab_1.conda
      - conda: https://conda.anaconda.org/conda-forge/noarch/pip-26.2.1-pyh145f28c_0.conda
      - conda: https://conda.anaconda.org/conda-forge/noarch/plumbum-2.0.2-pyhcf101f3_0.conda
      - conda: https://conda.anaconda.org/conda-forge/noarch/prompt-toolkit-3.0.53-pyha770c72_0.conda
      - conda: https://conda.anaconda.org/conda-forge/noarch/ptyprocess-0.7.0-pyhd8ed1ab_1.conda
      - conda: https://conda.anaconda.org/conda-forge/noarch/pure_eval-0.2.4-pyhd8ed1ab_0.conda
      - conda: https://conda.anaconda.org/conda-forge/noarch/pwntools-4.15.0-pyhd8ed1ab_0.conda
      - conda: https://conda.anaconda.org/conda-forge/noarch/pycparser-3.0-pyhcf101f3_0.conda
      - conda: https://conda.anaconda.org/conda-forge/noarch/pyelftools-0.33-pyh8f84b5b_0.conda
      - conda: https://conda.anaconda.org/conda-forge/noarch/pygments-2.21.0-pyhcf101f3_0.conda
      - conda: https://conda.anaconda.org/conda-forge/noarch/pyserial-3.5-pyhcf101f3_2.conda
      - conda: https://conda.anaconda.org/conda-forge/noarch/pysocks-1.7.1-pyha55dd90_7.conda
      - conda: https://conda.anaconda.org/conda-forge/noarch/python-dateutil-2.9.0.post0-pyhe01879c_2.conda
      - conda: https://conda.anaconda.org/conda-forge/noarch/python-gil-3.13.15-h4df99d1_103.conda
      - conda: https://conda.anaconda.org/conda-forge/noarch/python_abi-3.13-9_cp313.conda
      - conda: https://conda.anaconda.org/conda-forge/noarch/requests-2.34.2-pyhcf101f3_0.conda
      - conda: https://conda.anaconda.org/conda-forge/noarch/ropgadget-7.7-pyh5ded981_0.conda
      - conda: https://conda.anaconda.org/conda-forge/noarch/rpyc-6.0.2-pyhd8ed1ab_0.conda
      - conda: https://conda.anaconda.org/conda-forge/noarch/setuptools-84.0.0-pyh332efcf_0.conda
      - conda: https://conda.anaconda.org/conda-forge/noarch/six-1.17.0-pyhe01879c_1.conda
      - conda: https://conda.anaconda.org/conda-forge/noarch/sortedcontainers-2.4.0-pyhd8ed1ab_1.conda
      - conda: https://conda.anaconda.org/conda-forge/noarch/stack_data-0.6.3-pyhd8ed1ab_1.conda
      - conda: https://conda.anaconda.org/conda-forge/noarch/traitlets-5.16.1-pyhcf101f3_0.conda
      - conda: https://conda.anaconda.org/conda-forge/noarch/typing_extensions-4.16.0-pyhcf101f3_0.conda
      - conda: https://conda.anaconda.org/conda-forge/noarch/tzdata-2026c-h151e31d_0.conda
      - conda: https://conda.anaconda.org/conda-forge/noarch/unix-ar-0.2.1-pyhcf101f3_2.conda
      - conda: https://conda.anaconda.org/conda-forge/noarch/urllib3-2.8.0-pyhd8ed1ab_0.conda
      - conda: https://conda.anaconda.org/conda-forge/noarch/wcwidth-0.8.3-pyhcf101f3_0.conda
      - conda: https://conda.anaconda.org/conda-forge/noarch/zipp-4.1.0-pyhcf101f3_0.conda
packages:
- conda: https://conda.anaconda.org/conda-forge/linux-64/_openmp_mutex-4.5-20_gnu.conda
  build_number: 20
  sha256: 1dd3fffd892081df9726d7eb7e0dea6198962ba775bd88842135a4ddb4deb3c9
  md5: a9f577daf3de00bca7c3c76c0ecbd1de
  depends:
  - __glibc >=2.17,<3.0.a0
  - libgomp >=7.5.0
  constrains:
  - openmp_impl <0.0a0
  license: BSD-3-Clause
  license_family: BSD
  run_exports:
    strong:
    - _openmp_mutex >=4.5
  size: 28948
  timestamp: 1770939786096
- conda: https://conda.anaconda.org/conda-forge/linux-64/backports.zstd-1.7.0-py313h8f72f4d_1.conda
  sha256: b8e6cbfade3ff6b344f9acc5c69193bd1aa7a2dc792e60eb8e05470fae122a1b
  md5: 7ce840e6cf17fdba00e3d662f1d89e36
  depends:
  - python
  - __glibc >=2.17,<3.0.a0
  - libgcc >=15
  - zstd >=1.5.7,<1.6.0a0
  - python_abi 3.13.* *_cp313
  license: BSD-3-Clause AND MIT AND EPL-2.0
  run_exports: {}
  size: 243747
  timestamp: 1788491297080
- conda: https://conda.anaconda.org/conda-forge/linux-64/bcrypt-5.0.0-py313ha296275_2.conda
  sha256: 4922f80138db38fdbd443ed7a96de668cc72e046713464120068df33db89f287
  md5: 76cfddb9b7e74831df90d5cc59816116
  depends:
  - python
  - libgcc >=15
  - __glibc >=2.17,<3.0.a0
  - python_abi 3.13.* *_cp313
  constrains:
  - __glibc >=2.17
  license: Apache-2.0
  license_family: APACHE
  run_exports: {}
  size: 282718
  timestamp: 1788505775092
- conda: https://conda.anaconda.org/conda-forge/linux-64/brotli-python-1.2.0-py313h2fc2bef_4.conda
  sha256: 3621a39631aec2d6f4b8ac0cc9ee6d46cee1ae684ba9d2ed6f84b9993e14fbc4
  md5: 8beb0b96d9c701006ff5511a3a92329f
  depends:
  - __glibc >=2.17,<3.0.a0
  - libgcc >=15
  - libstdcxx >=15
  - python >=3.13,<3.14.0a0
  - python_abi 3.13.* *_cp313
  constrains:
  - libbrotlicommon 1.2.0 h39a168f_4
  license: MIT
  license_family: MIT
  run_exports: {}
  size: 367791
  timestamp: 1788480600802
- conda: https://conda.anaconda.org/conda-forge/linux-64/bzip2-1.0.8-hda65f42_10.conda
  sha256: 1a0d382c515ebf55f8ee1f38c8b81bc95af5c2acc42ad53b66bc5df932032f96
  md5: e675fabcf81499adc7edf58124fb1e01
  depends:
  - __glibc >=2.17,<3.0.a0
  - libgcc >=14
  license: bzip2-1.0.6
  license_family: BSD
  run_exports:
    weak:
    - bzip2 >=1.0.8,<2.0a0
  size: 257808
  timestamp: 1785906269155
- conda: https://conda.anaconda.org/conda-forge/linux-64/capstone-5.0.9-py313h995f894_2.conda
  sha256: 177ed0fb8331929993172bf68338eccdbdfb94949c1760c7cb49f622c09741ac
  md5: c19d4042f1e19c0a83bd7e0939aec396
  depends:
  - __glibc >=2.17,<3.0.a0
  - importlib_resources
  - libcapstone 5.0.9 h7cc23a3_2
  - libgcc >=15
  - python >=3.13,<3.14.0a0
  - python_abi 3.13.* *_cp313
  - setuptools
  license: BSD-3-Clause
  license_family: BSD
  run_exports: {}
  size: 209519
  timestamp: 1789245336283
- conda: https://conda.anaconda.org/conda-forge/linux-64/cffi-2.1.1-py313ha52865f_3.conda
  sha256: e1968f1efd8491e32a84416a4994cea98bbf51aebd8c7c04c783e121088fec63
  md5: 2b17c17965f71b59158030dce83832e1
  depends:
  - __glibc >=2.17,<3.0.a0
  - libffi >=3.7.0,<3.8.0a0
  - libgcc >=15
  - pycparser
  - python >=3.13,<3.14.0a0
  - python_abi 3.13.* *_cp313
  license: MIT
  license_family: MIT
  run_exports: {}
  size: 304628
  timestamp: 1788485299863
- conda: https://conda.anaconda.org/conda-forge/linux-64/cryptography-50.0.1-py311hc91d8b8_1.conda
  noarch: python
  sha256: 901268eb9ed9ab9a9285fda16abb4feb65eca3301755e560fef54ea7e2fc312c
  md5: f68d2562d5f1a828fa82dfa2e91e27da
  depends:
  - python
  - cffi >=2.0
  - libgcc >=15
  - __glibc >=2.17,<3.0.a0
  - openssl >=3.5.8,<4.0a0
  - _python_abi3_support 1.*
  - cpython >=3.11
  constrains:
  - __glibc >=2.17
  license: Apache-2.0 AND BSD-3-Clause AND PSF-2.0 AND MIT
  run_exports: {}
  size: 1826946
  timestamp: 1789121519742
- conda: https://conda.anaconda.org/conda-forge/linux-64/icu-78.3-py310h44b86e0_2.conda
  sha256: 9f07834f0c546ab14d885ce0366285f61f44e326c0edd1fc63b8294e113ae432
  md5: 72a381cbad04f24b1c2a43ef707f45b4
  depends:
  - __glibc >=2.17,<3.0.a0
  - libstdcxx >=14
  - libgcc >=14
  license: MIT
  license_family: MIT
  run_exports:
    weak:
    - icu >=78.3,<79.0a0
  size: 14459115
  timestamp: 1786545741408
- conda: https://conda.anaconda.org/conda-forge/linux-64/ld_impl_linux-64-2.46.1-default_hbd61a6d_102.conda
  sha256: 27d83f1188cd19bcb7754a078b3fa7f4cfb8527f8eb2fde54dd01fc529d1adec
  md5: 449500f2c089da11c40f5c21312e3e07
  depends:
  - __glibc >=2.17,<3.0.a0
  - zstd >=1.5.7,<1.6.0a0
  constrains:
  - binutils_impl_linux-64 2.46.1
  license: GPL-3.0-only
  license_family: GPL
  run_exports: {}
  size: 745303
  timestamp: 1784214507189
- conda: https://conda.anaconda.org/conda-forge/linux-64/libcapstone-5.0.9-h7cc23a3_2.conda
  sha256: 8ddad10d51fd327bff25cd74030f47b86d1c884c0e06fa02b0be914c225c4bad
  md5: 33d707020f2d34ec652e1e174c8a35f2
  depends:
  - __glibc >=2.17,<3.0.a0
  - libgcc >=15
  license: BSD-3-Clause
  license_family: BSD
  run_exports:
    weak:
    - libcapstone >=5.0.9,<5.0.10.0a0
  size: 1732136
  timestamp: 1789245319710
- conda: https://conda.anaconda.org/conda-forge/linux-64/libexpat-2.8.1-hecca717_1.conda
  sha256: 16feffd9ddbbe5b718515d38ee376c685ba95491cd901244e24671d20b952a77
  md5: b24d3c612f71e7aa74158d92106318b2
  depends:
  - __glibc >=2.17,<3.0.a0
  - libgcc >=14
  constrains:
  - expat 2.8.1.*
  license: MIT
  license_family: MIT
  run_exports: {}
  size: 77856
  timestamp: 1781203599810
- conda: https://conda.anaconda.org/conda-forge/linux-64/libffi-3.7.0-h81df57d_1.conda
  sha256: c8c7583ef063bc3c430f1d48298e5ad24f796a35c22ed5b14183325825a61106
  md5: 6525a0b06aa4fd390795f0740636a9dd
  depends:
  - __glibc >=2.17,<3.0.a0
  - libgcc >=15
  license: MIT
  license_family: MIT
  run_exports:
    weak:
    - libffi >=3.7.0,<3.8.0a0
  size: 68004
  timestamp: 1787753412298
- conda: https://conda.anaconda.org/conda-forge/linux-64/libgcc-16.2.0-ha9f2e26_5.conda
  sha256: 33d1b5d57c5a55a474330c5ec41fe7001a5aa600d9639389e8ce5edafae216a4
  md5: 3b62b92f0f082b67c59618ebf07617a7
  depends:
  - __glibc >=2.17,<3.0.a0
  - _openmp_mutex >=4.5
  constrains:
  - libgcc-ng ==16.2.0=*_5
  - libgomp 16.2.0 he0feb66_5
  license: GPL-3.0-only WITH GCC-exception-3.1
  license_family: GPL
  run_exports: {}
  size: 1057064
  timestamp: 1789485807107
- conda: https://conda.anaconda.org/conda-forge/linux-64/libgomp-16.2.0-he0feb66_5.conda
  sha256: 224a5a09e258a1a257089a9af310e9336e1d36834959718a9fab8679742dd822
  md5: af44890f8a2beefd3a83805a59a65014
  depends:
  - __glibc >=2.17,<3.0.a0
  license: GPL-3.0-only WITH GCC-exception-3.1
  license_family: GPL
  run_exports:
    strong:
    - _openmp_mutex >=4.5
  size: 641644
  timestamp: 1789485759120
- conda: https://conda.anaconda.org/conda-forge/linux-64/liblzma-5.8.3-hb03c661_1.conda
  sha256: 9787df8c22a59c9a70d3e5a10db9ad663485e75e9ccc3f09bd092cb7b95e0dab
  md5: 1390b7c5ac0b1d8e447bc5efa6d3c8c2
  depends:
  - __glibc >=2.17,<3.0.a0
  - libgcc >=14
  constrains:
  - xz 5.8.3.*
  license: 0BSD
  run_exports:
    weak:
    - liblzma >=5.8.3,<6.0a0
  size: 112995
  timestamp: 1786348617826
- conda: https://conda.anaconda.org/conda-forge/linux-64/libmpdec-4.0.0-hb03c661_2.conda
  sha256: 46820b4a835e175940ae20bec00fdddaff804cda27a1408ab1b95e77a2196437
  md5: fcfed1dc5053eb1901b66e7b1fc32588
  depends:
  - __glibc >=2.17,<3.0.a0
  - libgcc >=14
  license: BSD-2-Clause
  license_family: BSD
  run_exports: {}
  size: 92759
  timestamp: 1786650399772
- conda: https://conda.anaconda.org/conda-forge/linux-64/libpython-3.13.15-hdc7f604_103_cp313.conda
  build_number: 103
  sha256: a25db25aad6cbf53e523e1f310713f31372932d5db655f1f2d62a204c7cdf1d7
  md5: e64cd43bbd07afafbc458138e979c851
  depends:
  - __glibc >=2.17,<3.0.a0
  - libgcc >=15
  - libstdcxx >=15
  license: Python-2.0
  run_exports: {}
  size: 9711017
  timestamp: 1788387797958
- conda: https://conda.anaconda.org/conda-forge/linux-64/libsodium-1.0.22-hebe6cf0_3.conda
  sha256: 2f73c05a1ad07e5a2cb43f0b3759cb04505f0c8bef30b43c9db0caa50218bfd8
  md5: 2d14868d78e969226e4ba07444c0dd25
  depends:
  - __glibc >=2.17,<3.0.a0
  - libgcc >=15
  license: ISC
  run_exports:
    weak:
    - libsodium >=1.0.22,<1.0.23.0a0
  size: 270970
  timestamp: 1789425325397
- conda: https://conda.anaconda.org/conda-forge/linux-64/libsqlite-3.53.4-h13e7031_1.conda
  sha256: f20d70da54e5b31dd4a51fb1efeaafafd5ab6dd8d7ac9d1438eaa2526ac4ed3d
  md5: e72bbec309c2b0f37823ee7d4fabfcd3
  depends:
  - __glibc >=2.17,<3.0.a0
  - icu >=78.3,<79.0a0
  - libgcc >=15
  - libzlib >=1.3.2,<2.0a0
  license: blessing
  run_exports:
    weak:
    - libsqlite >=3.53.4,<4.0a0
  size: 974348
  timestamp: 1787051145557
- conda: https://conda.anaconda.org/conda-forge/linux-64/libstdcxx-16.2.0-h934c35e_5.conda
  sha256: 38cadde30fad8f7c101f9eec79f60bf03fc99310c7195d23f8b30832516d666f
  md5: 75b43a2912a0354204696708e4f34b8d
  depends:
  - __glibc >=2.17,<3.0.a0
  - libgcc 16.2.0 ha9f2e26_5
  constrains:
  - libstdcxx-ng ==16.2.0=*_5
  license: GPL-3.0-only WITH GCC-exception-3.1
  license_family: GPL
  run_exports: {}
  size: 6618916
  timestamp: 1789485826390
- conda: https://conda.anaconda.org/conda-forge/linux-64/libuuid-2.42.3-hcfc3c73_0.conda
  sha256: aa58bbba56644ffd062a4a9b358782c5eb7560ccead2ab8f7c5c6ede0a7d33a6
  md5: 74a0a409d9f4561265d36b789d3f398a
  depends:
  - __glibc >=2.17,<3.0.a0
  - libgcc >=15
  license: BSD-3-Clause
  license_family: BSD
  run_exports:
    weak:
    - libuuid >=2.42.3,<3.0a0
  size: 39998
  timestamp: 1788347719520
- conda: https://conda.anaconda.org/conda-forge/linux-64/libzlib-1.3.2-h25fd6f3_3.conda
  sha256: eb8a0db0aa570124f7d2a93d7c7f596e3390df5e047818d873baad32985fc736
  md5: 0de0122d9570a8ab637c6b73db268389
  depends:
  - __glibc >=2.17,<3.0.a0
  constrains:
  - zlib 1.3.2 *_3
  license: Zlib
  license_family: Other
  run_exports:
    weak:
    - libzlib >=1.3.2,<2.0a0
  size: 63713
  timestamp: 1785362952714
- conda: https://conda.anaconda.org/conda-forge/linux-64/markupsafe-3.0.3-py313h3dea7bd_1.conda
  sha256: 72ed7c0216541d65a17b171bf2eec4a3b81e9158d8ed48e59e1ecd3ae302d263
  md5: aeb9b9da79fd0258b3db091d1fefcd71
  depends:
  - __glibc >=2.17,<3.0.a0
  - libgcc >=14
  - python >=3.13,<3.14.0a0
  - python_abi 3.13.* *_cp313
  constrains:
  - jinja2 >=3.0.0
  license: BSD-3-Clause
  license_family: BSD
  run_exports: {}
  size: 26100
  timestamp: 1772445154165
- conda: https://conda.anaconda.org/conda-forge/linux-64/ncurses-6.6-hdb14827_1.conda
  sha256: 5d46557214ed184381dafe835b7c94a474a1c3b307a08a250b1ea4779b44ffb3
  md5: ee6c0cd80a60961a1f48aa3e0b91f986
  depends:
  - __glibc >=2.17,<3.0.a0
  - libgcc >=14
  license: X11 AND BSD-3-Clause
  run_exports:
    weak:
    - ncurses >=6.6,<7.0a0
  size: 911196
  timestamp: 1786355078102
- conda: https://conda.anaconda.org/conda-forge/linux-64/openssl-3.6.4-h781a0a9_0.conda
  sha256: 4747b2d6a8336f52343bceb8a1ebf41a9e6e665b9d2e3f989972de53a310599e
  md5: 16e3034a330cc625f2c685edec60cf4e
  depends:
  - __glibc >=2.17,<3.0.a0
  - ca-certificates
  - libgcc >=15
  license: Apache-2.0
  license_family: Apache
  run_exports:
    weak:
    - openssl >=3.6.4,<4.0a0
  size: 3202955
  timestamp: 1787698780103
- conda: https://conda.anaconda.org/conda-forge/linux-64/psutil-7.2.2-py313hd42f317_3.conda
  sha256: a7cffeba6c7957cc47f1f28576f39bd04aceb42ab962d5d8c91c3f60fedd304f
  md5: 0bc97f7c2f4a6993798c004fd557e3a1
  depends:
  - python
  - __glibc >=2.17,<3.0.a0
  - libgcc >=15
  - python_abi 3.13.* *_cp313
  license: BSD-3-Clause
  license_family: BSD
  run_exports: {}
  size: 228778
  timestamp: 1789682033076
- conda: https://conda.anaconda.org/conda-forge/linux-64/pynacl-1.6.2-py311h2d59bce_5.conda
  noarch: python
  sha256: 41793c431be2fcaada58b38a6a6142b135f89fed0b724bd2f8be6d0c21b78ba5
  md5: cccc667190116ee0f4e1c12ec39c24c9
  depends:
  - cffi >=2.0.0
  - python
  - six
  - libgcc >=15
  - __glibc >=2.17,<3.0.a0
  - libsodium >=1.0.22,<1.0.23.0a0
  - _python_abi3_support 1.*
  - cpython >=3.11
  license: Apache-2.0
  license_family: APACHE
  run_exports: {}
  size: 2337824
  timestamp: 1788957157225
- conda: https://conda.anaconda.org/conda-forge/linux-64/python-3.13.15-hf47f18c_103_cp313.conda
  build_number: 103
  sha256: cc18ba39af0d591ac012c1334ac98aa59ec7be389719b4cd80cc0a58a53019de
  md5: 641613f2d89da811bc29fa4cde88ef20
  depends:
  - __glibc >=2.17,<3.0.a0
  - bzip2 >=1.0.8,<2.0a0
  - ld_impl_linux-64 >=2.36.1
  - libexpat >=2.8.1,<3.0a0
  - libffi >=3.7.0,<3.8.0a0
  - libgcc >=15
  - liblzma >=5.8.3,<6.0a0
  - libmpdec >=4.0.0,<5.0a0
  - libpython 3.13.15 hdc7f604_103_cp313
  - libsqlite >=3.53.4,<4.0a0
  - libuuid >=2.42.3,<3.0a0
  - libzlib >=1.3.2,<2.0a0
  - ncurses >=6.6,<7.0a0
  - openssl >=3.5.8,<4.0a0
  - python_abi 3.13.* *_cp313
  - readline >=8.3,<9.0a0
  - tk >=8.6.13,<8.7.0a0
  - tzdata
  license: Python-2.0
  run_exports:
    weak:
    - python_abi 3.13.* *_cp313
    noarch:
    - python
  size: 24369771
  timestamp: 1788387840141
  python_site_packages_path: lib/python3.13/site-packages
- conda: https://conda.anaconda.org/conda-forge/linux-64/python-unicorn-2.1.4-py313h78bf25f_1.conda
  sha256: 5e4e851329c26adfd10800d0bc163c4c3a579c23dd3a606239c382b74681d0b1
  md5: 613ff93ca0f0c0519d93fb25c80938bd
  depends:
  - python >=3.13,<3.14.0a0
  - python_abi 3.13.* *_cp313
  - unicorn 2.1.4 h7cc23a3_1
  license: LGPL-2.0-only AND GPL-2.0-only AND GPL-2.0-or-later
  run_exports: {}
  size: 127717
  timestamp: 1789682943596
- conda: https://conda.anaconda.org/conda-forge/linux-64/readline-8.3-hd6e31c0_1.conda
  sha256: 01b3fe073a66e321970d09e04b388708f8cbdca5cdfbfcb7c9eeb470ad10383d
  md5: 69c01c781e7c8190bbdaf79e3848c5ca
  depends:
  - __glibc >=2.17,<3.0.a0
  - libgcc >=15
  - ncurses >=6.6,<7.0a0
  license: GPL-3.0-only
  license_family: GPL
  run_exports:
    weak:
    - readline >=8.3,<9.0a0
  size: 348899
  timestamp: 1787033801506
- conda: https://conda.anaconda.org/conda-forge/linux-64/tk-8.6.13-noxft_h1df4ec4_4.conda
  build_number: 104
  sha256: a1a241d172c1ccab067ba245206dd048bc3c2d1b84504b53c9468e99adfc16a1
  md5: 676a2f9b1c4fcf57b70aa5c65f6c60d0
  depends:
  - libgcc >=15
  - __glibc >=2.17,<3.0.a0
  - libzlib >=1.3.2,<2.0a0
  constrains:
  - xorg-libx11 >=1.8.13,<2.0a0
  license: TCL
  run_exports:
    weak:
    - tk >=8.6.13,<8.7.0a0
  size: 3566806
  timestamp: 1787272857910
- conda: https://conda.anaconda.org/conda-forge/linux-64/unicorn-2.1.4-h7cc23a3_1.conda
  sha256: 373c053c7567b47c9f3e7d536c75f976bbe26e432532985cc3b1b946aeb865a7
  md5: 96f6a889cd825317d5e720511726754f
  depends:
  - __glibc >=2.17,<3.0.a0
  - libgcc >=15
  license: LGPL-2.0-only AND GPL-2.0-only AND GPL-2.0-or-later
  run_exports: {}
  size: 7928190
  timestamp: 1789682882639
- conda: https://conda.anaconda.org/conda-forge/linux-64/zstandard-0.25.0-py313hd42f317_4.conda
  sha256: b183c9ff528c0454d2de07d16840e4514ecd79e404c2ebd0a3256563aab9f5da
  md5: 49592828b02c30c46778c2bd6afb9710
  depends:
  - python
  - cffi >=1.11
  - zstd >=1.5.7,<1.5.8.0a0
  - __glibc >=2.17,<3.0.a0
  - libgcc >=15
  - python_abi 3.13.* *_cp313
  - zstd >=1.5.7,<1.6.0a0
  license: BSD-3-Clause
  license_family: BSD
  run_exports: {}
  size: 472702
  timestamp: 1788604307981
- conda: https://conda.anaconda.org/conda-forge/linux-64/zstd-1.5.7-hb78ec9c_7.conda
  sha256: 47d682b9f6d6ec9eb1a6e6c3e75ea6273e899e78fb7fc59f81d39745009fbc60
  md5: aa459086047c0e5e27023ab19f8cb86a
  depends:
  - __glibc >=2.17,<3.0.a0
  - libzlib >=1.3.2,<2.0a0
  license: BSD-3-Clause
  license_family: BSD
  run_exports:
    weak:
    - zstd >=1.5.7,<1.6.0a0
  size: 601301
  timestamp: 1786599621503
- conda: https://conda.anaconda.org/conda-forge/noarch/_python_abi3_support-1.0-hd8ed1ab_3.conda
  sha256: 2a7204314663eeda5dec482a956f0e2eaf289bd5b9953eaaaad0e81aa64638f2
  md5: 3845f3d75991bae0fb90884662f4327c
  depends:
  - cpython
  - python-gil
  license: MIT
  license_family: MIT
  run_exports: {}
  size: 8144
  timestamp: 1784221492234
- conda: https://conda.anaconda.org/conda-forge/noarch/asttokens-3.0.2-pyhd8ed1ab_0.conda
  sha256: fbbd8ce60cbd5c16f3fe559eb644551f94285caff30985ea961ff851c1cf25ac
  md5: 89d495168582cb00428dad699d149624
  depends:
  - python >=3.10
  constrains:
  - astroid >=2,<5
  license: Apache-2.0
  license_family: Apache
  run_exports: {}
  size: 34639
  timestamp: 1783975742052
- conda: https://conda.anaconda.org/conda-forge/noarch/ca-certificates-2026.7.22-hbd8a1cb_0.conda
  sha256: 0a0544cf95f64394fe4959286f5c71f5444ad58feb0602e53becb27448d24da6
  md5: 0f51e2391ade309db462a55611263e9c
  depends:
  - __unix
  license: ISC
  run_exports: {}
  size: 131780
  timestamp: 1784754889428
- conda: https://conda.anaconda.org/conda-forge/noarch/certifi-2026.7.22-pyhd8ed1ab_0.conda
  sha256: fb167de4388e64e52aa3907ed099afab944c1fa6e5f74b281a312dae1bcf7f3b
  md5: 37e13edbe3b48f1095a9d085ef9cd83b
  depends:
  - python >=3.10
  license: ISC
  run_exports: {}
  size: 137015
  timestamp: 1784717699092
- conda: https://conda.anaconda.org/conda-forge/noarch/charset-normalizer-3.5.1-pyhd8ed1ab_0.conda
  sha256: cb60ef3e0631c8bacb4f7057196dee4496091a22baa3bb4b9bccb12c7e1c921b
  md5: e0ac3accc64e23e40969d660e5f58ac8
  depends:
  - python >=3.10
  license: MIT
  license_family: MIT
  run_exports: {}
  size: 64487
  timestamp: 1786835648298
- conda: https://conda.anaconda.org/conda-forge/noarch/colored-traceback-0.3.0-pyhd8ed1ab_1.conda
  sha256: d64ab5eb532c649abd20dedc4c8897608f103f22be12dc99c13834bf831679f7
  md5: 3fe45ada75b07284c42fe663127310e8
  depends:
  - pygments
  - python >=3.9
  license: ISC
  run_exports: {}
  size: 11542
  timestamp: 1755384481820
- conda: https://conda.anaconda.org/conda-forge/noarch/cpython-3.13.15-py313hd8ed1ab_103.conda
  noarch: generic
  sha256: c46fe2993a44cfa59e2d7673d77ce29c5bbc72b73e2597d58536eff7c196e57c
  md5: 23f5019df9a1d2287cb99af4c81ca8d2
  depends:
  - python >=3.13,<3.14.0a0
  - python_abi * *_cp313
  license: Python-2.0
  run_exports: {}
  size: 49553
  timestamp: 1788386188585
- conda: https://conda.anaconda.org/conda-forge/noarch/executing-2.2.1-pyhd8ed1ab_0.conda
  sha256: 210c8165a58fdbf16e626aac93cc4c14dbd551a01d1516be5ecad795d2422cad
  md5: ff9efb7f7469aed3c4a8106ffa29593c
  depends:
  - python >=3.10
  license: MIT
  license_family: MIT
  run_exports: {}
  size: 30753
  timestamp: 1756729456476
- conda: https://conda.anaconda.org/conda-forge/noarch/h2-4.4.1-pyhcf101f3_0.conda
  sha256: 307dd6ec90140c3cf4171071b0e5e870abec314f4565c1edd5bc433e942cdcc0
  md5: e652ac7756069c456d0da2a922cd7df5
  depends:
  - python >=3.10
  - hyperframe >=6.1,<7
  - hpack >=4.2,<5
  - python
  license: MIT
  license_family: MIT
  run_exports: {}
  size: 100789
  timestamp: 1785796355216
- conda: https://conda.anaconda.org/conda-forge/noarch/hpack-4.2.0-pyhd8ed1ab_0.conda
  sha256: fdcea5d7cb314485d3907192ef024c704311548c5b0cbeb390cd1951051e29d2
  md5: b395909221b9bd1df066e5930e18855b
  depends:
  - python >=3.10
  license: MIT
  license_family: MIT
  run_exports: {}
  size: 32884
  timestamp: 1782283986153
- conda: https://conda.anaconda.org/conda-forge/noarch/hyperframe-6.1.0-pyhd8ed1ab_0.conda
  sha256: 77af6f5fe8b62ca07d09ac60127a30d9069fdc3c68d6b256754d0ffb1f7779f8
  md5: 8e6923fc12f1fe8f8c4e5c9f343256ac
  depends:
  - python >=3.9
  license: MIT
  license_family: MIT
  run_exports: {}
  size: 17397
  timestamp: 1737618427549
- conda: https://conda.anaconda.org/conda-forge/noarch/idna-3.19-pyhcf101f3_0.conda
  sha256: 1c35a59c1545ad0fdaddf1fbde7bcfa6ef41a8d68c3a2b0b4a291be00676163e
  md5: a39ae05027e9b707742e41b30d296b75
  depends:
  - python >=3.10
  - python
  license: BSD-3-Clause
  license_family: BSD
  run_exports: {}
  size: 177433
  timestamp: 1787059857580
- conda: https://conda.anaconda.org/conda-forge/noarch/importlib-metadata-9.0.1-pyhcf101f3_0.conda
  sha256: 95a074a7d3f58b3494c068d4789c364dcb591c56b70ca6b12f149a540f9aeea4
  md5: 77ec68e0aa61c3fff9ecbf840f93d64e
  depends:
  - python >=3.10
  - zipp >=3.20
  - python
  license: Apache-2.0
  license_family: APACHE
  run_exports: {}
  size: 34920
  timestamp: 1787943971257
- conda: https://conda.anaconda.org/conda-forge/noarch/importlib_resources-7.1.0-pyhd8ed1ab_0.conda
  sha256: a563a51aa522998172838e867e6dedcf630bc45796e8612f5a1f6d73e9c8125a
  md5: 0ba6225c279baf7ea9473a62ea0ec9ae
  depends:
  - python >=3.10
  - zipp >=3.1.0
  constrains:
  - importlib-resources >=7.1.0,<7.1.1.0a0
  license: Apache-2.0
  license_family: APACHE
  run_exports: {}
  size: 34809
  timestamp: 1776068839274
- conda: https://conda.anaconda.org/conda-forge/noarch/intervaltree-3.1.0-pyhd8ed1ab_1.conda
  sha256: 5d7f0d432772b2a1a750cd61b522e9c283dad04058a130656c95ad3321a308c5
  md5: e32bb5b0369e819c4dde653d4c4572f3
  depends:
  - python >=2.7
  - sortedcontainers
  license: Apache-2.0
  license_family: APACHE
  run_exports: {}
  size: 27592
  timestamp: 1683532332879
- conda: https://conda.anaconda.org/conda-forge/noarch/invoke-3.0.3-pyhd8ed1ab_0.conda
  sha256: d7421c54944dec04d2671e23196a15583d48f309d06fbcf995b5dfa6d586a5e9
  md5: 4dee387356d58bdc4b686ae3424fbd9e
  depends:
  - python >=3.10
  license: BSD-2-Clause
  license_family: BSD
  run_exports: {}
  size: 133811
  timestamp: 1775579645825
- conda: https://conda.anaconda.org/conda-forge/noarch/ipython-9.17.1-pyh53cf698_0.conda
  sha256: 0fb38e0685e5065064ac007cf8317ee24b329373c9f80c31eb74c1bfcb0cfe24
  md5: 0e28933e51c1d05c179bfd595ead8aee
  depends:
  - __unix
  - ipython_pygments_lexers >=1.0.0
  - jedi >=0.18.2
  - matplotlib-inline >=0.1.6
  - prompt-toolkit >=3.0.41,<3.1.0
  - psutil >=7
  - pygments >=2.14.0
  - python >=3.11
  - stack_data >=0.6.0
  - traitlets >=5.13.0
  - typing_extensions >=4.6
  - pexpect >4.6
  - python
  license: BSD-3-Clause
  license_family: BSD
  run_exports: {}
  size: 730678
  timestamp: 1788260388285
- conda: https://conda.anaconda.org/conda-forge/noarch/ipython_pygments_lexers-1.1.1-pyhd8ed1ab_0.conda
  sha256: 894682a42a7d659ae12878dbcb274516a7031bbea9104e92f8e88c1f2765a104
  md5: bd80ba060603cc228d9d81c257093119
  depends:
  - pygments
  - python >=3.9
  license: BSD-3-Clause
  license_family: BSD
  run_exports: {}
  size: 13993
  timestamp: 1737123723464
- conda: https://conda.anaconda.org/conda-forge/noarch/jedi-0.20.0-pyhcf101f3_0.conda
  sha256: 744143551c1c7b528b82533fb641b9d7db20b2203abc4c2635c387fa6c089fc3
  md5: c2b3d37aa1411031126036ee76a8a861
  depends:
  - python >=3.10
  - parso >=0.8.6,<0.9.0
  - python
  license: Apache-2.0 AND MIT
  run_exports: {}
  size: 2715215
  timestamp: 1782251948616
- conda: https://conda.anaconda.org/conda-forge/noarch/mako-1.4.1-pyhcf101f3_0.conda
  sha256: 8204f9d67b006167b3e335255449660cf850d3ef6d98b6d069fd6979e6da0cb3
  md5: 561fdcfee99e91e29e274eb8b4e77f5a
  depends:
  - python >=3.10
  - importlib-metadata
  - markupsafe >=0.9.2
  - python
  license: MIT
  license_family: MIT
  run_exports: {}
  size: 73298
  timestamp: 1785938863475
- conda: https://conda.anaconda.org/conda-forge/noarch/matplotlib-inline-0.2.2-pyhd8ed1ab_0.conda
  sha256: 35b43d7343f74452307fd018a1cca92b8f68961ff8e2ab6a81ce0a703c9a3764
  md5: 9acc1c385be401d533ff70ef5b50dae6
  depends:
  - python >=3.10
  - traitlets
  license: BSD-3-Clause
  license_family: BSD
  run_exports: {}
  size: 15725
  timestamp: 1778264403247
- conda: https://conda.anaconda.org/conda-forge/noarch/packaging-26.3-pyhc364b38_0.conda
  sha256: c432626b16768b8dab228bfb706f7060c2d462a21c516d240f68f2f902b5a044
  md5: 936687ed80f295a1f5dbcf8bd34c252c
  depends:
  - python >=3.9
  - python
  license: Apache-2.0
  license_family: APACHE
  run_exports: {}
  size: 116363
  timestamp: 1785888127370
- conda: https://conda.anaconda.org/conda-forge/noarch/paramiko-5.0.0-pyhd8ed1ab_0.conda
  sha256: 1b64a1b91b57c2a4c42a9e73b9a544e22fcdac55a953d2c09644b184edde7c3f
  md5: e7fa4da3b74ededb2fa7ab4171f63d21
  depends:
  - bcrypt >=3.2
  - cryptography >=3.3
  - invoke >=2.0
  - pynacl >=1.5
  - python >=3.10
  license: LGPL-2.1-or-later
  license_family: LGPL
  run_exports: {}
  size: 152584
  timestamp: 1778365181112
- conda: https://conda.anaconda.org/conda-forge/noarch/parso-0.8.7-pyhcf101f3_0.conda
  sha256: 611882f7944b467281c46644ffde6c5145d1a7730388bcde26e7e86819b0998e
  md5: 39894c952938276405a1bd30e4ce2caf
  depends:
  - python >=3.10
  - python
  license: MIT
  license_family: MIT
  run_exports: {}
  size: 82472
  timestamp: 1777722955579
- conda: https://conda.anaconda.org/conda-forge/noarch/pexpect-4.9.0-pyhd8ed1ab_1.conda
  sha256: 202af1de83b585d36445dc1fda94266697341994d1a3328fabde4989e1b3d07a
  md5: d0d408b1f18883a944376da5cf8101ea
  depends:
  - ptyprocess >=0.5
  - python >=3.9
  license: ISC
  run_exports: {}
  size: 53561
  timestamp: 1733302019362
- conda: https://conda.anaconda.org/conda-forge/noarch/pip-26.2.1-pyh145f28c_0.conda
  sha256: 0f7021cfb3ff454c91a5e28e1f5060906a52c6d1cde3f879a7d03ac33c28b1c3
  md5: 573cb3ed111004230ed3de650653cd4d
  depends:
  - python >=3.13.0a0
  license: MIT
  license_family: MIT
  run_exports: {}
  size: 1198163
  timestamp: 1785914482439
- conda: https://conda.anaconda.org/conda-forge/noarch/plumbum-2.0.2-pyhcf101f3_0.conda
  sha256: 296bb3e96fd32cd1441b6ac853506c90a319c0a2d52057fc7247c5a6a648db64
  md5: b8a0e040dacd70612b8137a9c8ccc9de
  depends:
  - python >=3.10
  - typing_extensions
  - python
  license: MIT
  license_family: MIT
  run_exports: {}
  size: 132479
  timestamp: 1784782357061
- conda: https://conda.anaconda.org/conda-forge/noarch/prompt-toolkit-3.0.53-pyha770c72_0.conda
  sha256: efe8def2c93aa34cd8d3c9af1dc4c7d312791cf769d8b2b615e32733e6df6051
  md5: 39c92a39517316e5001d645ae63d9ab9
  depends:
  - python >=3.10
  - wcwidth
  constrains:
  - prompt_toolkit 3.0.53
  license: BSD-3-Clause
  license_family: BSD
  run_exports: {}
  size: 276081
  timestamp: 1785160613307
- conda: https://conda.anaconda.org/conda-forge/noarch/ptyprocess-0.7.0-pyhd8ed1ab_1.conda
  sha256: a7713dfe30faf17508ec359e0bc7e0983f5d94682492469bd462cdaae9c64d83
  md5: 7d9daffbb8d8e0af0f769dbbcd173a54
  depends:
  - python >=3.9
  license: ISC
  run_exports: {}
  size: 19457
  timestamp: 1733302371990
- conda: https://conda.anaconda.org/conda-forge/noarch/pure_eval-0.2.4-pyhd8ed1ab_0.conda
  sha256: 2151e981a422ef57031482b28df9c8432d54c1f44996e7760774813f167be863
  md5: 35993ea8ef5e76333e6efb6a0ffb3771
  depends:
  - python >=3.11
  license: MIT
  license_family: MIT
  run_exports: {}
  size: 18473
  timestamp: 1789159440378
- conda: https://conda.anaconda.org/conda-forge/noarch/pwntools-4.15.0-pyhd8ed1ab_0.conda
  sha256: 69f69b76a1c8027d2f2f0d4d9ee2d293ef438593d536c2f835a75dbabb930c98
  md5: 2e57e81f32e5c2bad3860808ed310f1e
  depends:
  - capstone >=3.0.5rc2
  - colored-traceback
  - intervaltree >=3.0
  - mako >=1.0.0
  - packaging
  - paramiko >=1.15.2
  - pip >=6.0.8
  - psutil >=3.3.0
  - pyelftools >=0.29
  - pygments >=2.0
  - pyserial >=2.7
  - pysocks
  - python >=3.10
  - python-dateutil
  - python-unicorn >=2.0.1
  - requests >=2.0
  - ropgadget >=5.3
  - rpyc
  - six >=1.12.0
  - sortedcontainers
  - unix-ar
  - zstandard
  license: MIT
  license_family: MIT
  run_exports: {}
  size: 1360539
  timestamp: 1760302512888
- conda: https://conda.anaconda.org/conda-forge/noarch/pycparser-3.0-pyhcf101f3_0.conda
  sha256: e27e0473fc6723311a0bd48b89b616fa1b996a2f7a2b555338cbbcfb9c640568
  md5: 9c5491066224083c41b6d5635ed7107b
  depends:
  - python >=3.10
  - python
  license: BSD-3-Clause
  license_family: BSD
  run_exports: {}
  size: 55886
  timestamp: 1779293633166
- conda: https://conda.anaconda.org/conda-forge/noarch/pyelftools-0.33-pyh8f84b5b_0.conda
  sha256: 6f18a3609c93321d37bd4059c255da736b95afdf6180382854a48c48c6a8b823
  md5: b0e199724ac880c3593df23944b53e93
  depends:
  - python >=3.10
  - __unix
  - python
  license: Unlicense
  run_exports: {}
  size: 164992
  timestamp: 1780071154221
- conda: https://conda.anaconda.org/conda-forge/noarch/pygments-2.21.0-pyhcf101f3_0.conda
  sha256: f5f015ff1bc3e1b7fc08eee096b1865234189ae0b82bebdb86a5369116e42fa0
  md5: 2882dee445dfa45b0c5afce3ffb7730a
  depends:
  - python >=3.10
  - python
  license: BSD-2-Clause
  license_family: BSD
  run_exports: {}
  size: 959376
  timestamp: 1786995678795
- conda: https://conda.anaconda.org/conda-forge/noarch/pyserial-3.5-pyhcf101f3_2.conda
  sha256: 8c618e8ca376d73133c9971abe45463a48c9cfb529788d609fd19568764941ba
  md5: b27a6cd32160c34682ce6053b04c12c6
  depends:
  - python >=3.10
  - python
  license: BSD-3-Clause
  license_family: BSD
  run_exports: {}
  size: 73910
  timestamp: 1767289527295
- conda: https://conda.anaconda.org/conda-forge/noarch/pysocks-1.7.1-pyha55dd90_7.conda
  sha256: ba3b032fa52709ce0d9fd388f63d330a026754587a2f461117cac9ab73d8d0d8
  md5: 461219d1a5bd61342293efa2c0c90eac
  depends:
  - __unix
  - python >=3.9
  license: BSD-3-Clause
  license_family: BSD
  run_exports: {}
  size: 21085
  timestamp: 1733217331982
- conda: https://conda.anaconda.org/conda-forge/noarch/python-dateutil-2.9.0.post0-pyhe01879c_2.conda
  sha256: d6a17ece93bbd5139e02d2bd7dbfa80bee1a4261dced63f65f679121686bf664
  md5: 5b8d21249ff20967101ffa321cab24e8
  depends:
  - python >=3.9
  - six >=1.5
  - python
  license: Apache-2.0
  license_family: APACHE
  run_exports: {}
  size: 233310
  timestamp: 1751104122689
- conda: https://conda.anaconda.org/conda-forge/noarch/python-gil-3.13.15-h4df99d1_103.conda
  sha256: ce01f8f3c9fde229b26e0d37b85e1566bb32fcf26750af95d6313b4a369775c3
  md5: 86d251460e192368d2982e5b0dcad798
  depends:
  - cpython 3.13.15.*
  - python_abi * *_cp313
  license: Python-2.0
  run_exports: {}
  size: 49529
  timestamp: 1788386202638
- conda: https://conda.anaconda.org/conda-forge/noarch/python_abi-3.13-9_cp313.conda
  build_number: 9
  sha256: 9dc0cb6a20ebc7e9bcd8c6868f2bec083c114b0ba20b7118405c036533d5c522
  md5: c5abc97af551bc12d71305852392f75c
  constrains:
  - python 3.13.* *_cp313
  license: BSD-3-Clause
  license_family: BSD
  run_exports: {}
  size: 6769
  timestamp: 1788302828005
- conda: https://conda.anaconda.org/conda-forge/noarch/requests-2.34.2-pyhcf101f3_0.conda
  sha256: 1715246b19c9f85ee022933b4845f2fc14ac9184981b7b7d9b728bec8e9588da
  md5: 4a85203c1d80c1059086ae860836ffb9
  depends:
  - python >=3.10
  - certifi >=2023.5.7
  - charset-normalizer >=2,<4
  - idna >=2.5,<4
  - urllib3 >=1.26,<3
  - python
  constrains:
  - chardet >=3.0.2,<8
  license: Apache-2.0
  license_family: APACHE
  run_exports: {}
  size: 68709
  timestamp: 1778851103479
- conda: https://conda.anaconda.org/conda-forge/noarch/ropgadget-7.7-pyh5ded981_0.conda
  sha256: c12763666654d25ae89061e2de4e47cb8dd63d67a9005ca98553b9a8ce5df44c
  md5: bb17b9033ef42506febbff655c5f9534
  depends:
  - capstone >=5.0.1
  - python >=3.11
  - python
  license: BSD-3-Clause
  license_family: BSD
  run_exports: {}
  size: 30882
  timestamp: 1789671682781
- conda: https://conda.anaconda.org/conda-forge/noarch/rpyc-6.0.2-pyhd8ed1ab_0.conda
  sha256: dc10ed01bbc0cb1c9e7f3e89340f2a3e19cb881a6b07810597b7be017bf7f1ba
  md5: c2b3cc0cebb22a24d86e0118b9d3cc0a
  depends:
  - plumbum
  - python >=3.10
  license: MIT
  license_family: MIT
  run_exports: {}
  size: 66338
  timestamp: 1761085298069
- conda: https://conda.anaconda.org/conda-forge/noarch/setuptools-84.0.0-pyh332efcf_0.conda
  sha256: 9e200ee5f9ff19a4d94e4b51c4856d53dec849f91032f345cf0c6bc3d51a7183
  md5: 62ac906f1cd582c6c264c95625cb9d6f
  depends:
  - python >=3.10
  license: MIT
  license_family: MIT
  run_exports: {}
  size: 524488
  timestamp: 1786282924579
- conda: https://conda.anaconda.org/conda-forge/noarch/six-1.17.0-pyhe01879c_1.conda
  sha256: 458227f759d5e3fcec5d9b7acce54e10c9e1f4f4b7ec978f3bfd54ce4ee9853d
  md5: 3339e3b65d58accf4ca4fb8748ab16b3
  depends:
  - python >=3.9
  - python
  license: MIT
  license_family: MIT
  run_exports: {}
  size: 18455
  timestamp: 1753199211006
- conda: https://conda.anaconda.org/conda-forge/noarch/sortedcontainers-2.4.0-pyhd8ed1ab_1.conda
  sha256: d1e3e06b5cf26093047e63c8cc77b70d970411c5cbc0cb1fad461a8a8df599f7
  md5: 0401a17ae845fa72c7210e206ec5647d
  depends:
  - python >=3.9
  license: Apache-2.0
  license_family: APACHE
  run_exports: {}
  size: 28657
  timestamp: 1738440459037
- conda: https://conda.anaconda.org/conda-forge/noarch/stack_data-0.6.3-pyhd8ed1ab_1.conda
  sha256: 570da295d421661af487f1595045760526964f41471021056e993e73089e9c41
  md5: b1b505328da7a6b246787df4b5a49fbc
  depends:
  - asttokens
  - executing
  - pure_eval
  - python >=3.9
  license: MIT
  license_family: MIT
  run_exports: {}
  size: 26988
  timestamp: 1733569565672
- conda: https://conda.anaconda.org/conda-forge/noarch/traitlets-5.16.1-pyhcf101f3_0.conda
  sha256: 03dba5917f944c6684ab44c81daacac1624cd148e4b2cae215dcec594a210c48
  md5: a79bf97561232a31447b6246c2153ab5
  depends:
  - python >=3.10
  - python
  license: BSD-3-Clause
  license_family: BSD
  run_exports: {}
  size: 116935
  timestamp: 1785761789772
- conda: https://conda.anaconda.org/conda-forge/noarch/typing_extensions-4.16.0-pyhcf101f3_0.conda
  sha256: 2d888f90af0686044882c74193ec80a90ec1943145d94a7b1b048958acda1848
  md5: c70ad746c22219b9700931707482992c
  depends:
  - python >=3.10
  - python
  license: PSF-2.0
  license_family: PSF
  run_exports: {}
  size: 52631
  timestamp: 1783002732887
- conda: https://conda.anaconda.org/conda-forge/noarch/tzdata-2026c-h151e31d_0.conda
  sha256: b928c30ddcb0e3f544c6eade8352737e6e610e263276b90232db6a578ef899d8
  md5: fcb489df604d100968b737f2cb6076c6
  license: LicenseRef-Public-Domain
  run_exports: {}
  size: 118849
  timestamp: 1784250406640
- conda: https://conda.anaconda.org/conda-forge/noarch/unix-ar-0.2.1-pyhcf101f3_2.conda
  sha256: cb36ba69279b3534e9e8264b96efdcc70b9ee1441044588539ac70f20ca0a793
  md5: ed69acde6f2c9a8a86456ca8574c065d
  depends:
  - python >=3.10
  - python
  license: BSD-3-Clause
  license_family: BSD
  run_exports: {}
  size: 14190
  timestamp: 1770589913272
- conda: https://conda.anaconda.org/conda-forge/noarch/urllib3-2.8.0-pyhd8ed1ab_0.conda
  sha256: c5511c190ab55168ca412f3c54592fbf677ae6250784cb72b227a7cf3f538f7d
  md5: 407a3d3778570bae8e8fcf554e803e43
  depends:
  - backports.zstd >=1.0.0
  - brotli-python >=1.2.0
  - h2 >=4,<5
  - pysocks >=1.5.6,<2.0,!=1.5.7
  - python >=3.11
  license: MIT
  license_family: MIT
  run_exports: {}
  size: 107485
  timestamp: 1789566710244
- conda: https://conda.anaconda.org/conda-forge/noarch/wcwidth-0.8.3-pyhcf101f3_0.conda
  sha256: 3b0599d59d70bbe792702d1b5404ac501c9c25bd7b2fd9ccbb5da8ad6587a703
  md5: f62991f907a9830ab003b12d07dd3478
  depends:
  - python >=3.10
  - python
  license: MIT
  license_family: MIT
  run_exports: {}
  size: 146490
  timestamp: 1788174996551
- conda: https://conda.anaconda.org/conda-forge/noarch/zipp-4.1.0-pyhcf101f3_0.conda
  sha256: 210bd31c22bb88f5e2a167df24c95bb5f152b2ada7502f9b8c49d1f5366db423
  md5: ba3dcdc8584155c97c648ae9c044b7a3
  depends:
  - python >=3.10
  - python
  license: MIT
  license_family: MIT
  run_exports: {}
  size: 24190
  timestamp: 1779159948016
